
Microsoft Visual Studio Solution File, Format Version 12.00
# Visual Studio Version 17
VisualStudioVersion = 17.5.33414.496
MinimumVisualStudioVersion = 10.0.40219.1
Project("{FAE04EC0-301F-11D3-BF4B-00C04F79EFBC}") = "WebApiPractica", "WebApiPractica\WebApiPractica.csproj", "{4B41D1D7-972E-425F-97B2-077061B3467A}"
EndProject
Global
	GlobalSection(SolutionConfigurationPlatforms) = preSolution
		Debug|Any CPU = Debug|Any CPU
		Release|Any CPU = Release|Any CPU
	EndGlobalSection
	GlobalSection(ProjectConfigurationPlatforms) = postSolution
		{4B41D1D7-972E-425F-97B2-077061B3467A}.Debug|Any CPU.ActiveCfg = Debug|Any CPU
		{4B41D1D7-972E-425F-97B2-077061B3467A}.Debug|Any CPU.Build.0 = Debug|Any CPU
		{4B41D1D7-972E-425F-97B2-077061B3467A}.Release|Any CPU.ActiveCfg = Release|Any CPU
		{4B41D1D7-972E-425F-97B2-077061B3467A}.Release|Any CPU.Build.0 = Release|Any CPU
	EndGlobalSection
	GlobalSection(SolutionProperties) = preSolution
		HideSolutionNode = FALSE
	EndGlobalSection
	GlobalSection(ExtensibilityGlobals) = postSolution
		SolutionGuid = {08D88738-B664-452F-ADF3-2D24027A209B}
	EndGlobalSection
EndGlobal
